
Microsoft Visual Studio Solution File, Format Version 12.00
# Visual Studio Version 16
VisualStudioVersion = 16.0.31515.178
MinimumVisualStudioVersion = 10.0.40219.1
Project("{FAE04EC0-301F-11D3-BF4B-00C04F79EFBC}") = "PolymorphismC", "PolymorphismC\PolymorphismC.csproj", "{F7708C1B-A79E-49DF-A5E3-747CDFE0E5E2}"
EndProject
Global
	GlobalSection(SolutionConfigurationPlatforms) = preSolution
		Debug|Any CPU = Debug|Any CPU
		Release|Any CPU = Release|Any CPU
	EndGlobalSection
	GlobalSection(ProjectConfigurationPlatforms) = postSolution
		{F7708C1B-A79E-49DF-A5E3-747CDFE0E5E2}.Debug|Any CPU.ActiveCfg = Debug|Any CPU
		{F7708C1B-A79E-49DF-A5E3-747CDFE0E5E2}.Debug|Any CPU.Build.0 = Debug|Any CPU
		{F7708C1B-A79E-49DF-A5E3-747CDFE0E5E2}.Release|Any CPU.ActiveCfg = Release|Any CPU
		{F7708C1B-A79E-49DF-A5E3-747CDFE0E5E2}.Release|Any CPU.Build.0 = Release|Any CPU
	EndGlobalSection
	GlobalSection(SolutionProperties) = preSolution
		HideSolutionNode = FALSE
	EndGlobalSection
	GlobalSection(ExtensibilityGlobals) = postSolution
		SolutionGuid = {3E4A4410-9BED-48A2-A7A8-26B82D2D8E9A}
	EndGlobalSection
EndGlobal
